
Microsoft Visual Studio Solution File, Format Version 12.00
# Visual Studio 15
VisualStudioVersion = 15.0.26730.16
MinimumVisualStudioVersion = 10.0.40219.1
Project("{888888A0-9F3D-457C-B088-3A5042F75D52}") = "WebPlumbing", "WebPlumbing\WebPlumbing.pyproj", "{A2FA4267-009B-4789-AD16-6CF3A13DF183}"
EndProject
Global
	GlobalSection(SolutionConfigurationPlatforms) = preSolution
		Debug|Any CPU = Debug|Any CPU
		Release|Any CPU = Release|Any CPU
	EndGlobalSection
	GlobalSection(ProjectConfigurationPlatforms) = postSolution
		{A2FA4267-009B-4789-AD16-6CF3A13DF183}.Debug|Any CPU.ActiveCfg = Debug|Any CPU
		{A2FA4267-009B-4789-AD16-6CF3A13DF183}.Debug|Any CPU.Build.0 = Debug|Any CPU
		{A2FA4267-009B-4789-AD16-6CF3A13DF183}.Release|Any CPU.ActiveCfg = Release|Any CPU
		{A2FA4267-009B-4789-AD16-6CF3A13DF183}.Release|Any CPU.Build.0 = Release|Any CPU
	EndGlobalSection
	GlobalSection(SolutionProperties) = preSolution
		HideSolutionNode = FALSE
	EndGlobalSection
	GlobalSection(ExtensibilityGlobals) = postSolution
		SolutionGuid = {7DF74566-5C81-4280-A445-E5058721AF01}
	EndGlobalSection
EndGlobal
